// !$*UTF8*$!
{
	archiveVersion = 1;
	classes = {
	};
	objectVersion = 56;
	objects = {

/* Begin PBXBuildFile section */
		027884C82B225C1400A02AF4 /* MuscleMinderApp.swift in Sources */ = {isa = PBXBuildFile; fileRef = 027884C72B225C1400A02AF4 /* MuscleMinderApp.swift */; };
		027884CC2B225C1500A02AF4 /* Assets.xcassets in Resources */ = {isa = PBXBuildFile; fileRef = 027884CB2B225C1500A02AF4 /* Assets.xcassets */; };
		027884CF2B225C1500A02AF4 /* Preview Assets.xcassets in Resources */ = {isa = PBXBuildFile; fileRef = 027884CE2B225C1500A02AF4 /* Preview Assets.xcassets */; };
		027884DD2B225D6900A02AF4 /* MuscleMinderTests.swift in Sources */ = {isa = PBXBuildFile; fileRef = 027884DC2B225D6900A02AF4 /* MuscleMinderTests.swift */; };
		027884E52B225F0F00A02AF4 /* BaseView.swift in Sources */ = {isa = PBXBuildFile; fileRef = 027884E42B225F0F00A02AF4 /* BaseView.swift */; };
		027884E82B26229200A02AF4 /* Train.swift in Sources */ = {isa = PBXBuildFile; fileRef = 027884E72B26229200A02AF4 /* Train.swift */; };
		027884EA2B2623D800A02AF4 /* Exercise.swift in Sources */ = {isa = PBXBuildFile; fileRef = 027884E92B2623D800A02AF4 /* Exercise.swift */; };
		027884EC2B2623F100A02AF4 /* CompletedTrain.swift in Sources */ = {isa = PBXBuildFile; fileRef = 027884EB2B2623F100A02AF4 /* CompletedTrain.swift */; };
		027884F02B26245C00A02AF4 /* CompletedExercise.swift in Sources */ = {isa = PBXBuildFile; fileRef = 027884EF2B26245C00A02AF4 /* CompletedExercise.swift */; };
		027884F22B26249700A02AF4 /* Serie.swift in Sources */ = {isa = PBXBuildFile; fileRef = 027884F12B26249700A02AF4 /* Serie.swift */; };
/* End PBXBuildFile section */

/* Begin PBXContainerItemProxy section */
		027884DE2B225D6900A02AF4 /* PBXContainerItemProxy */ = {
			isa = PBXContainerItemProxy;
			containerPortal = 027884BC2B225C1400A02AF4 /* Project object */;
			proxyType = 1;
			remoteGlobalIDString = 027884C32B225C1400A02AF4;
			remoteInfo = MuscleMinder;
		};
/* End PBXContainerItemProxy section */

/* Begin PBXFileReference section */
		027884C42B225C1400A02AF4 /* MuscleMinder.app */ = {isa = PBXFileReference; explicitFileType = wrapper.application; includeInIndex = 0; path = MuscleMinder.app; sourceTree = BUILT_PRODUCTS_DIR; };
		027884C72B225C1400A02AF4 /* MuscleMinderApp.swift */ = {isa = PBXFileReference; lastKnownFileType = sourcecode.swift; path = MuscleMinderApp.swift; sourceTree = "<group>"; };
		027884CB2B225C1500A02AF4 /* Assets.xcassets */ = {isa = PBXFileReference; lastKnownFileType = folder.assetcatalog; path = Assets.xcassets; sourceTree = "<group>"; };
		027884CE2B225C1500A02AF4 /* Preview Assets.xcassets */ = {isa = PBXFileReference; lastKnownFileType = folder.assetcatalog; path = "Preview Assets.xcassets"; sourceTree = "<group>"; };
		027884DA2B225D6900A02AF4 /* MuscleMinderTests.xctest */ = {isa = PBXFileReference; explicitFileType = wrapper.cfbundle; includeInIndex = 0; path = MuscleMinderTests.xctest; sourceTree = BUILT_PRODUCTS_DIR; };
		027884DC2B225D6900A02AF4 /* MuscleMinderTests.swift */ = {isa = PBXFileReference; lastKnownFileType = sourcecode.swift; path = MuscleMinderTests.swift; sourceTree = "<group>"; };
		027884E42B225F0F00A02AF4 /* BaseView.swift */ = {isa = PBXFileReference; lastKnownFileType = sourcecode.swift; path = BaseView.swift; sourceTree = "<group>"; };
		027884E72B26229200A02AF4 /* Train.swift */ = {isa = PBXFileReference; lastKnownFileType = sourcecode.swift; path = Train.swift; sourceTree = "<group>"; };
		027884E92B2623D800A02AF4 /* Exercise.swift */ = {isa = PBXFileReference; lastKnownFileType = sourcecode.swift; path = Exercise.swift; sourceTree = "<group>"; };
		027884EB2B2623F100A02AF4 /* CompletedTrain.swift */ = {isa = PBXFileReference; lastKnownFileType = sourcecode.swift; path = CompletedTrain.swift; sourceTree = "<group>"; };
		027884EF2B26245C00A02AF4 /* CompletedExercise.swift */ = {isa = PBXFileReference; lastKnownFileType = sourcecode.swift; path = CompletedExercise.swift; sourceTree = "<group>"; };
		027884F12B26249700A02AF4 /* Serie.swift */ = {isa = PBXFileReference; lastKnownFileType = sourcecode.swift; path = Serie.swift; sourceTree = "<group>"; };
/* End PBXFileReference section */

/* Begin PBXFrameworksBuildPhase section */
		027884C12B225C1400A02AF4 /* Frameworks */ = {
			isa = PBXFrameworksBuildPhase;
			buildActionMask = 2147483647;
			files = (
			);
			runOnlyForDeploymentPostprocessing = 0;
		};
		027884D72B225D6900A02AF4 /* Frameworks */ = {
			isa = PBXFrameworksBuildPhase;
			buildActionMask = 2147483647;
			files = (
			);
			runOnlyForDeploymentPostprocessing = 0;
		};
/* End PBXFrameworksBuildPhase section */

/* Begin PBXGroup section */
		027884BB2B225C1400A02AF4 = {
			isa = PBXGroup;
			children = (
				027884C62B225C1400A02AF4 /* MuscleMinder */,
				027884DB2B225D6900A02AF4 /* MuscleMinderTests */,
				027884C52B225C1400A02AF4 /* Products */,
			);
			sourceTree = "<group>";
		};
		027884C52B225C1400A02AF4 /* Products */ = {
			isa = PBXGroup;
			children = (
				027884C42B225C1400A02AF4 /* MuscleMinder.app */,
				027884DA2B225D6900A02AF4 /* MuscleMinderTests.xctest */,
			);
			name = Products;
			sourceTree = "<group>";
		};
		027884C62B225C1400A02AF4 /* MuscleMinder */ = {
			isa = PBXGroup;
			children = (
				027884C72B225C1400A02AF4 /* MuscleMinderApp.swift */,
				027884E42B225F0F00A02AF4 /* BaseView.swift */,
				027884D52B225D4500A02AF4 /* Resources */,
				027884E62B26225400A02AF4 /* Models */,
				027884E32B225D9D00A02AF4 /* Modules */,
				027884CD2B225C1500A02AF4 /* Preview Content */,
			);
			path = MuscleMinder;
			sourceTree = "<group>";
		};
		027884CD2B225C1500A02AF4 /* Preview Content */ = {
			isa = PBXGroup;
			children = (
				027884CE2B225C1500A02AF4 /* Preview Assets.xcassets */,
			);
			path = "Preview Content";
			sourceTree = "<group>";
		};
		027884D52B225D4500A02AF4 /* Resources */ = {
			isa = PBXGroup;
			children = (
				027884CB2B225C1500A02AF4 /* Assets.xcassets */,
			);
			path = Resources;
			sourceTree = "<group>";
		};
		027884DB2B225D6900A02AF4 /* MuscleMinderTests */ = {
			isa = PBXGroup;
			children = (
				027884DC2B225D6900A02AF4 /* MuscleMinderTests.swift */,
			);
			path = MuscleMinderTests;
			sourceTree = "<group>";
		};
		027884E32B225D9D00A02AF4 /* Modules */ = {
			isa = PBXGroup;
			children = (
			);
			path = Modules;
			sourceTree = "<group>";
		};
		027884E62B26225400A02AF4 /* Models */ = {
			isa = PBXGroup;
			children = (
				027884ED2B2623FB00A02AF4 /* Train */,
				027884EE2B26240100A02AF4 /* Exercise */,
			);
			path = Models;
			sourceTree = "<group>";
		};
		027884ED2B2623FB00A02AF4 /* Train */ = {
			isa = PBXGroup;
			children = (
				027884E72B26229200A02AF4 /* Train.swift */,
				027884EB2B2623F100A02AF4 /* CompletedTrain.swift */,
				027884F12B26249700A02AF4 /* Serie.swift */,
			);
			path = Train;
			sourceTree = "<group>";
		};
		027884EE2B26240100A02AF4 /* Exercise */ = {
			isa = PBXGroup;
			children = (
				027884E92B2623D800A02AF4 /* Exercise.swift */,
				027884EF2B26245C00A02AF4 /* CompletedExercise.swift */,
			);
			path = Exercise;
			sourceTree = "<group>";
		};
/* End PBXGroup section */

/* Begin PBXNativeTarget section */
		027884C32B225C1400A02AF4 /* MuscleMinder */ = {
			isa = PBXNativeTarget;
			buildConfigurationList = 027884D22B225C1500A02AF4 /* Build configuration list for PBXNativeTarget "MuscleMinder" */;
			buildPhases = (
				027884C02B225C1400A02AF4 /* Sources */,
				027884C12B225C1400A02AF4 /* Frameworks */,
				027884C22B225C1400A02AF4 /* Resources */,
			);
			buildRules = (
			);
			dependencies = (
			);
			name = MuscleMinder;
			productName = MuscleMinder;
			productReference = 027884C42B225C1400A02AF4 /* MuscleMinder.app */;
			productType = "com.apple.product-type.application";
		};
		027884D92B225D6900A02AF4 /* MuscleMinderTests */ = {
			isa = PBXNativeTarget;
			buildConfigurationList = 027884E02B225D6900A02AF4 /* Build configuration list for PBXNativeTarget "MuscleMinderTests" */;
			buildPhases = (
				027884D62B225D6900A02AF4 /* Sources */,
				027884D72B225D6900A02AF4 /* Frameworks */,
				027884D82B225D6900A02AF4 /* Resources */,
			);
			buildRules = (
			);
			dependencies = (
				027884DF2B225D6900A02AF4 /* PBXTargetDependency */,
			);
			name = MuscleMinderTests;
			productName = MuscleMinderTests;
			productReference = 027884DA2B225D6900A02AF4 /* MuscleMinderTests.xctest */;
			productType = "com.apple.product-type.bundle.unit-test";
		};
/* End PBXNativeTarget section */

/* Begin PBXProject section */
		027884BC2B225C1400A02AF4 /* Project object */ = {
			isa = PBXProject;
			attributes = {
				BuildIndependentTargetsInParallel = 1;
				LastSwiftUpdateCheck = 1500;
				LastUpgradeCheck = 1500;
				TargetAttributes = {
					027884C32B225C1400A02AF4 = {
						CreatedOnToolsVersion = 15.0.1;
					};
					027884D92B225D6900A02AF4 = {
						CreatedOnToolsVersion = 15.0.1;
						TestTargetID = 027884C32B225C1400A02AF4;
					};
				};
			};
			buildConfigurationList = 027884BF2B225C1400A02AF4 /* Build configuration list for PBXProject "MuscleMinder" */;
			compatibilityVersion = "Xcode 14.0";
			developmentRegion = en;
			hasScannedForEncodings = 0;
			knownRegions = (
				en,
				Base,
			);
			mainGroup = 027884BB2B225C1400A02AF4;
			productRefGroup = 027884C52B225C1400A02AF4 /* Products */;
			projectDirPath = "";
			projectRoot = "";
			targets = (
				027884C32B225C1400A02AF4 /* MuscleMinder */,
				027884D92B225D6900A02AF4 /* MuscleMinderTests */,
			);
		};
/* End PBXProject section */

/* Begin PBXResourcesBuildPhase section */
		027884C22B225C1400A02AF4 /* Resources */ = {
			isa = PBXResourcesBuildPhase;
			buildActionMask = 2147483647;
			files = (
				027884CF2B225C1500A02AF4 /* Preview Assets.xcassets in Resources */,
				027884CC2B225C1500A02AF4 /* Assets.xcassets in Resources */,
			);
			runOnlyForDeploymentPostprocessing = 0;
		};
		027884D82B225D6900A02AF4 /* Resources */ = {
			isa = PBXResourcesBuildPhase;
			buildActionMask = 2147483647;
			files = (
			);
			runOnlyForDeploymentPostprocessing = 0;
		};
/* End PBXResourcesBuildPhase section */

/* Begin PBXSourcesBuildPhase section */
		027884C02B225C1400A02AF4 /* Sources */ = {
			isa = PBXSourcesBuildPhase;
			buildActionMask = 2147483647;
			files = (
				027884C82B225C1400A02AF4 /* MuscleMinderApp.swift in Sources */,
				027884EA2B2623D800A02AF4 /* Exercise.swift in Sources */,
				027884E82B26229200A02AF4 /* Train.swift in Sources */,
				027884EC2B2623F100A02AF4 /* CompletedTrain.swift in Sources */,
				027884F22B26249700A02AF4 /* Serie.swift in Sources */,
				027884E52B225F0F00A02AF4 /* BaseView.swift in Sources */,
				027884F02B26245C00A02AF4 /* CompletedExercise.swift in Sources */,
			);
			runOnlyForDeploymentPostprocessing = 0;
		};
		027884D62B225D6900A02AF4 /* Sources */ = {
			isa = PBXSourcesBuildPhase;
			buildActionMask = 2147483647;
			files = (
				027884DD2B225D6900A02AF4 /* MuscleMinderTests.swift in Sources */,
			);
			runOnlyForDeploymentPostprocessing = 0;
		};
/* End PBXSourcesBuildPhase section */

/* Begin PBXTargetDependency section */
		027884DF2B225D6900A02AF4 /* PBXTargetDependency */ = {
			isa = PBXTargetDependency;
			target = 027884C32B225C1400A02AF4 /* MuscleMinder */;
			targetProxy = 027884DE2B225D6900A02AF4 /* PBXContainerItemProxy */;
		};
/* End PBXTargetDependency section */

/* Begin XCBuildConfiguration section */
		027884D02B225C1500A02AF4 /* Debug */ = {
			isa = XCBuildConfiguration;
			buildSettings = {
				ALWAYS_SEARCH_USER_PATHS = NO;
				ASSETCATALOG_COMPILER_GENERATE_SWIFT_ASSET_SYMBOL_EXTENSIONS = YES;
				CLANG_ANALYZER_NONNULL = YES;
				CLANG_ANALYZER_NUMBER_OBJECT_CONVERSION = YES_AGGRESSIVE;
				CLANG_CXX_LANGUAGE_STANDARD = "gnu++20";
				CLANG_ENABLE_MODULES = YES;
				CLANG_ENABLE_OBJC_ARC = YES;
				CLANG_ENABLE_OBJC_WEAK = YES;
				CLANG_WARN_BLOCK_CAPTURE_AUTORELEASING = YES;
				CLANG_WARN_BOOL_CONVERSION = YES;
				CLANG_WARN_COMMA = YES;
				CLANG_WARN_CONSTANT_CONVERSION = YES;
				CLANG_WARN_DEPRECATED_OBJC_IMPLEMENTATIONS = YES;
				CLANG_WARN_DIRECT_OBJC_ISA_USAGE = YES_ERROR;
				CLANG_WARN_DOCUMENTATION_COMMENTS = YES;
				CLANG_WARN_EMPTY_BODY = YES;
				CLANG_WARN_ENUM_CONVERSION = YES;
				CLANG_WARN_INFINITE_RECURSION = YES;
				CLANG_WARN_INT_CONVERSION = YES;
				CLANG_WARN_NON_LITERAL_NULL_CONVERSION = YES;
				CLANG_WARN_OBJC_IMPLICIT_RETAIN_SELF = YES;
				CLANG_WARN_OBJC_LITERAL_CONVERSION = YES;
				CLANG_WARN_OBJC_ROOT_CLASS = YES_ERROR;
				CLANG_WARN_QUOTED_INCLUDE_IN_FRAMEWORK_HEADER = YES;
				CLANG_WARN_RANGE_LOOP_ANALYSIS = YES;
				CLANG_WARN_STRICT_PROTOTYPES = YES;
				CLANG_WARN_SUSPICIOUS_MOVE = YES;
				CLANG_WARN_UNGUARDED_AVAILABILITY = YES_AGGRESSIVE;
				CLANG_WARN_UNREACHABLE_CODE = YES;
				CLANG_WARN__DUPLICATE_METHOD_MATCH = YES;
				COPY_PHASE_STRIP = NO;
				DEBUG_INFORMATION_FORMAT = dwarf;
				ENABLE_STRICT_OBJC_MSGSEND = YES;
				ENABLE_TESTABILITY = YES;
				ENABLE_USER_SCRIPT_SANDBOXING = YES;
				GCC_C_LANGUAGE_STANDARD = gnu17;
				GCC_DYNAMIC_NO_PIC = NO;
				GCC_NO_COMMON_BLOCKS = YES;
				GCC_OPTIMIZATION_LEVEL = 0;
				GCC_PREPROCESSOR_DEFINITIONS = (
					"DEBUG=1",
					"$(inherited)",
				);
				GCC_WARN_64_TO_32_BIT_CONVERSION = YES;
				GCC_WARN_ABOUT_RETURN_TYPE = YES_ERROR;
				GCC_WARN_UNDECLARED_SELECTOR = YES;
				GCC_WARN_UNINITIALIZED_AUTOS = YES_AGGRESSIVE;
				GCC_WARN_UNUSED_FUNCTION = YES;
				GCC_WARN_UNUSED_VARIABLE = YES;
				IPHONEOS_DEPLOYMENT_TARGET = 17.0;
				LOCALIZATION_PREFERS_STRING_CATALOGS = YES;
				MTL_ENABLE_DEBUG_INFO = INCLUDE_SOURCE;
				MTL_FAST_MATH = YES;
				ONLY_ACTIVE_ARCH = YES;
				SDKROOT = iphoneos;
				SWIFT_ACTIVE_COMPILATION_CONDITIONS = "DEBUG $(inherited)";
				SWIFT_OPTIMIZATION_LEVEL = "-Onone";
			};
			name = Debug;
		};
		027884D12B225C1500A02AF4 /* Release */ = {
			isa = XCBuildConfiguration;
			buildSettings = {
				ALWAYS_SEARCH_USER_PATHS = NO;
				ASSETCATALOG_COMPILER_GENERATE_SWIFT_ASSET_SYMBOL_EXTENSIONS = YES;
				CLANG_ANALYZER_NONNULL = YES;
				CLANG_ANALYZER_NUMBER_OBJECT_CONVERSION = YES_AGGRESSIVE;
				CLANG_CXX_LANGUAGE_STANDARD = "gnu++20";
				CLANG_ENABLE_MODULES = YES;
				CLANG_ENABLE_OBJC_ARC = YES;
				CLANG_ENABLE_OBJC_WEAK = YES;
				CLANG_WARN_BLOCK_CAPTURE_AUTORELEASING = YES;
				CLANG_WARN_BOOL_CONVERSION = YES;
				CLANG_WARN_COMMA = YES;
				CLANG_WARN_CONSTANT_CONVERSION = YES;
				CLANG_WARN_DEPRECATED_OBJC_IMPLEMENTATIONS = YES;
				CLANG_WARN_DIRECT_OBJC_ISA_USAGE = YES_ERROR;
				CLANG_WARN_DOCUMENTATION_COMMENTS = YES;
				CLANG_WARN_EMPTY_BODY = YES;
				CLANG_WARN_ENUM_CONVERSION = YES;
				CLANG_WARN_INFINITE_RECURSION = YES;
				CLANG_WARN_INT_CONVERSION = YES;
				CLANG_WARN_NON_LITERAL_NULL_CONVERSION = YES;
				CLANG_WARN_OBJC_IMPLICIT_RETAIN_SELF = YES;
				CLANG_WARN_OBJC_LITERAL_CONVERSION = YES;
				CLANG_WARN_OBJC_ROOT_CLASS = YES_ERROR;
				CLANG_WARN_QUOTED_INCLUDE_IN_FRAMEWORK_HEADER = YES;
				CLANG_WARN_RANGE_LOOP_ANALYSIS = YES;
				CLANG_WARN_STRICT_PROTOTYPES = YES;
				CLANG_WARN_SUSPICIOUS_MOVE = YES;
				CLANG_WARN_UNGUARDED_AVAILABILITY = YES_AGGRESSIVE;
				CLANG_WARN_UNREACHABLE_CODE = YES;
				CLANG_WARN__DUPLICATE_METHOD_MATCH = YES;
				COPY_PHASE_STRIP = NO;
				DEBUG_INFORMATION_FORMAT = "dwarf-with-dsym";
				ENABLE_NS_ASSERTIONS = NO;
				ENABLE_STRICT_OBJC_MSGSEND = YES;
				ENABLE_USER_SCRIPT_SANDBOXING = YES;
				GCC_C_LANGUAGE_STANDARD = gnu17;
				GCC_NO_COMMON_BLOCKS = YES;
				GCC_WARN_64_TO_32_BIT_CONVERSION = YES;
				GCC_WARN_ABOUT_RETURN_TYPE = YES_ERROR;
				GCC_WARN_UNDECLARED_SELECTOR = YES;
				GCC_WARN_UNINITIALIZED_AUTOS = YES_AGGRESSIVE;
				GCC_WARN_UNUSED_FUNCTION = YES;
				GCC_WARN_UNUSED_VARIABLE = YES;
				IPHONEOS_DEPLOYMENT_TARGET = 17.0;
				LOCALIZATION_PREFERS_STRING_CATALOGS = YES;
				MTL_ENABLE_DEBUG_INFO = NO;
				MTL_FAST_MATH = YES;
				SDKROOT = iphoneos;
				SWIFT_COMPILATION_MODE = wholemodule;
				VALIDATE_PRODUCT = YES;
			};
			name = Release;
		};
		027884D32B225C1500A02AF4 /* Debug */ = {
			isa = XCBuildConfiguration;
			buildSettings = {
				ASSETCATALOG_COMPILER_APPICON_NAME = AppIcon;
				ASSETCATALOG_COMPILER_GLOBAL_ACCENT_COLOR_NAME = AccentColor;
				CODE_SIGN_STYLE = Automatic;
				CURRENT_PROJECT_VERSION = 1;
				DEVELOPMENT_ASSET_PATHS = "\"MuscleMinder/Preview Content\"";
				DEVELOPMENT_TEAM = 9CFK79GC4H;
				ENABLE_PREVIEWS = YES;
				GENERATE_INFOPLIST_FILE = YES;
				INFOPLIST_KEY_UIApplicationSceneManifest_Generation = YES;
				INFOPLIST_KEY_UIApplicationSupportsIndirectInputEvents = YES;
				INFOPLIST_KEY_UILaunchScreen_Generation = YES;
				INFOPLIST_KEY_UISupportedInterfaceOrientations_iPad = "UIInterfaceOrientationPortrait UIInterfaceOrientationPortraitUpsideDown UIInterfaceOrientationLandscapeLeft UIInterfaceOrientationLandscapeRight";
				INFOPLIST_KEY_UISupportedInterfaceOrientations_iPhone = "UIInterfaceOrientationPortrait UIInterfaceOrientationLandscapeLeft UIInterfaceOrientationLandscapeRight";
				LD_RUNPATH_SEARCH_PATHS = (
					"$(inherited)",
					"@executable_path/Frameworks",
				);
				MARKETING_VERSION = 1.0;
				PRODUCT_BUNDLE_IDENTIFIER = auth.MuscleMinder;
				PRODUCT_NAME = "$(TARGET_NAME)";
				SWIFT_EMIT_LOC_STRINGS = YES;
				SWIFT_VERSION = 5.0;
				TARGETED_DEVICE_FAMILY = "1,2";
			};
			name = Debug;
		};
		027884D42B225C1500A02AF4 /* Release */ = {
			isa = XCBuildConfiguration;
			buildSettings = {
				ASSETCATALOG_COMPILER_APPICON_NAME = AppIcon;
				ASSETCATALOG_COMPILER_GLOBAL_ACCENT_COLOR_NAME = AccentColor;
				CODE_SIGN_STYLE = Automatic;
				CURRENT_PROJECT_VERSION = 1;
				DEVELOPMENT_ASSET_PATHS = "\"MuscleMinder/Preview Content\"";
				DEVELOPMENT_TEAM = 9CFK79GC4H;
				ENABLE_PREVIEWS = YES;
				GENERATE_INFOPLIST_FILE = YES;
				INFOPLIST_KEY_UIApplicationSceneManifest_Generation = YES;
				INFOPLIST_KEY_UIApplicationSupportsIndirectInputEvents = YES;
				INFOPLIST_KEY_UILaunchScreen_Generation = YES;
				INFOPLIST_KEY_UISupportedInterfaceOrientations_iPad = "UIInterfaceOrientationPortrait UIInterfaceOrientationPortraitUpsideDown UIInterfaceOrientationLandscapeLeft UIInterfaceOrientationLandscapeRight";
				INFOPLIST_KEY_UISupportedInterfaceOrientations_iPhone = "UIInterfaceOrientationPortrait UIInterfaceOrientationLandscapeLeft UIInterfaceOrientationLandscapeRight";
				LD_RUNPATH_SEARCH_PATHS = (
					"$(inherited)",
					"@executable_path/Frameworks",
				);
				MARKETING_VERSION = 1.0;
				PRODUCT_BUNDLE_IDENTIFIER = auth.MuscleMinder;
				PRODUCT_NAME = "$(TARGET_NAME)";
				SWIFT_EMIT_LOC_STRINGS = YES;
				SWIFT_VERSION = 5.0;
				TARGETED_DEVICE_FAMILY = "1,2";
			};
			name = Release;
		};
		027884E12B225D6900A02AF4 /* Debug */ = {
			isa = XCBuildConfiguration;
			buildSettings = {
				BUNDLE_LOADER = "$(TEST_HOST)";
				CODE_SIGN_STYLE = Automatic;
				CURRENT_PROJECT_VERSION = 1;
				DEVELOPMENT_TEAM = 9CFK79GC4H;
				GENERATE_INFOPLIST_FILE = YES;
				MARKETING_VERSION = 1.0;
				PRODUCT_BUNDLE_IDENTIFIER = auth.MuscleMinderTests;
				PRODUCT_NAME = "$(TARGET_NAME)";
				SWIFT_EMIT_LOC_STRINGS = NO;
				SWIFT_VERSION = 5.0;
				TARGETED_DEVICE_FAMILY = "1,2";
				TEST_HOST = "$(BUILT_PRODUCTS_DIR)/MuscleMinder.app/$(BUNDLE_EXECUTABLE_FOLDER_PATH)/MuscleMinder";
			};
			name = Debug;
		};
		027884E22B225D6900A02AF4 /* Release */ = {
			isa = XCBuildConfiguration;
			buildSettings = {
				BUNDLE_LOADER = "$(TEST_HOST)";
				CODE_SIGN_STYLE = Automatic;
				CURRENT_PROJECT_VERSION = 1;
				DEVELOPMENT_TEAM = 9CFK79GC4H;
				GENERATE_INFOPLIST_FILE = YES;
				MARKETING_VERSION = 1.0;
				PRODUCT_BUNDLE_IDENTIFIER = auth.MuscleMinderTests;
				PRODUCT_NAME = "$(TARGET_NAME)";
				SWIFT_EMIT_LOC_STRINGS = NO;
				SWIFT_VERSION = 5.0;
				TARGETED_DEVICE_FAMILY = "1,2";
				TEST_HOST = "$(BUILT_PRODUCTS_DIR)/MuscleMinder.app/$(BUNDLE_EXECUTABLE_FOLDER_PATH)/MuscleMinder";
			};
			name = Release;
		};
/* End XCBuildConfiguration section */

/* Begin XCConfigurationList section */
		027884BF2B225C1400A02AF4 /* Build configuration list for PBXProject "MuscleMinder" */ = {
			isa = XCConfigurationList;
			buildConfigurations = (
				027884D02B225C1500A02AF4 /* Debug */,
				027884D12B225C1500A02AF4 /* Release */,
			);
			defaultConfigurationIsVisible = 0;
			defaultConfigurationName = Release;
		};
		027884D22B225C1500A02AF4 /* Build configuration list for PBXNativeTarget "MuscleMinder" */ = {
			isa = XCConfigurationList;
			buildConfigurations = (
				027884D32B225C1500A02AF4 /* Debug */,
				027884D42B225C1500A02AF4 /* Release */,
			);
			defaultConfigurationIsVisible = 0;
			defaultConfigurationName = Release;
		};
		027884E02B225D6900A02AF4 /* Build configuration list for PBXNativeTarget "MuscleMinderTests" */ = {
			isa = XCConfigurationList;
			buildConfigurations = (
				027884E12B225D6900A02AF4 /* Debug */,
				027884E22B225D6900A02AF4 /* Release */,
			);
			defaultConfigurationIsVisible = 0;
			defaultConfigurationName = Release;
		};
/* End XCConfigurationList section */
	};
	rootObject = 027884BC2B225C1400A02AF4 /* Project object */;
}
